
Microsoft Visual Studio Solution File, Format Version 12.00
# Visual Studio Version 17
VisualStudioVersion = 17.2.32526.322
MinimumVisualStudioVersion = 10.0.40219.1
Project("{FAE04EC0-301F-11D3-BF4B-00C04F79EFBC}") = "Task17", "Task17\Task17.csproj", "{868E6BB9-0A9A-436E-B8CB-2B60423E2D32}"
EndProject
Global
	GlobalSection(SolutionConfigurationPlatforms) = preSolution
		Debug|Any CPU = Debug|Any CPU
		Release|Any CPU = Release|Any CPU
	EndGlobalSection
	GlobalSection(ProjectConfigurationPlatforms) = postSolution
		{868E6BB9-0A9A-436E-B8CB-2B60423E2D32}.Debug|Any CPU.ActiveCfg = Debug|Any CPU
		{868E6BB9-0A9A-436E-B8CB-2B60423E2D32}.Debug|Any CPU.Build.0 = Debug|Any CPU
		{868E6BB9-0A9A-436E-B8CB-2B60423E2D32}.Release|Any CPU.ActiveCfg = Release|Any CPU
		{868E6BB9-0A9A-436E-B8CB-2B60423E2D32}.Release|Any CPU.Build.0 = Release|Any CPU
	EndGlobalSection
	GlobalSection(SolutionProperties) = preSolution
		HideSolutionNode = FALSE
	EndGlobalSection
	GlobalSection(ExtensibilityGlobals) = postSolution
		SolutionGuid = {8F7C3F4A-E682-4210-B89F-0DC0DD93F890}
	EndGlobalSection
EndGlobal
